{
  "requires": true,
  "lockfileVersion": 1,
  "dependencies": {
    "moment": {
      "version": "2.24.0",
      "resolved": "https://registry.npmjs.org/moment/-/moment-2.24.0.tgz",
      "integrity": "sha512-bV7f+6l2QigeBBZSM/6yTNq4P2fNpSWj/0e7jQcy87A8e7o2nAfP/34/2ky5Vw4B9S446EtIhodAzkFCcR4dQg=="
    },
    "react-moment": {
      "version": "0.9.7",
      "resolved": "https://registry.npmjs.org/react-moment/-/react-moment-0.9.7.tgz",
      "integrity": "sha512-ifzUrUGF6KRsUN2pRG5k56kO0mJBr8kRkWb0wNvtFIsBIxOuPxhUpL1YlXwpbQCbHq23hUu6A0VEk64HsFxk9g=="
    }
  }
}
